{
  "version": 1,
  "dependencies": {
    "net10.0": {
      "HoneyDrunk.Standards": {
        "type": "Direct",
        "requested": "[0.3.0, )",
        "resolved": "0.3.0",
        "contentHash": "OO/tKX6x4Ad+iVp/OLqIxBZWaFgc6QIpGd9rmk4jJysFXKlG6K/gWNpaaQoNF+D97THTFafxY/ISQ+2rEFNwmA=="
      },
      "NodaTime": {
        "type": "Transitive",
        "resolved": "3.3.4",
        "contentHash": "iLaEeOFjWHVibXmHa8WOMTkZdxvzTH6b7qNYts7cBmSfttCDenguHvEJsuAQGBDPV4LSA+7c0nyt4A0AR6z6zQ=="
      },
      "pocketquests.domain": {
        "type": "Project",
        "dependencies": {
          "NodaTime": "[3.3.4, )"
        }
      }
    }
  }
}