{
  "version": 1,
  "dependencies": {
    "net10.0": {
      "HoneyDrunk.Data.Outbox.Dispatcher": {
        "type": "Direct",
        "requested": "[0.7.1, )",
        "resolved": "0.7.1",
        "contentHash": "bCvL4ykczKp25apTlTJNcsecy1okerWRcjmyLR8DQgtcUo1DX6Tx519zVO1Te+vO9OSzn4wIkH4ZtA7S2+GAdQ==",
        "dependencies": {
          "HoneyDrunk.Data.Outbox": "0.7.1",
          "HoneyDrunk.Data.Outbox.Abstractions": "0.7.1",
          "HoneyDrunk.Transport": "0.7.2"
        }
      },
      "HoneyDrunk.Identity.Client": {
        "type": "Direct",
        "requested": "[0.1.0-alpha.4, 0.1.0-alpha.4]",
        "resolved": "0.1.0-alpha.4",
        "contentHash": "OnBuuGSO5h1BXgzUw1G4bsN2LLr+iSzObTnYzU9WXLTUunOBxv8/zwagwLSuK/DNJVy64uhi9ligRoFj/Jx4rQ==",
        "dependencies": {
          "HoneyDrunk.Identity.Abstractions": "0.1.0-alpha.4"
        }
      },
      "HoneyDrunk.Standards": {
        "type": "Direct",
        "requested": "[0.3.0, )",
        "resolved": "0.3.0",
        "contentHash": "OO/tKX6x4Ad+iVp/OLqIxBZWaFgc6QIpGd9rmk4jJysFXKlG6K/gWNpaaQoNF+D97THTFafxY/ISQ+2rEFNwmA=="
      },
      "HoneyDrunk.Transport.AzureServiceBus": {
        "type": "Direct",
        "requested": "[0.7.2, )",
        "resolved": "0.7.2",
        "contentHash": "FG+0YIv//i4kwqxgk3gTg/zdYKqsbRacpRpcyaL2SVCpKICHBzQPZ8gVGunhb5IjbZdGv4F/T5L31B7xOefomQ==",
        "dependencies": {
          "Azure.Identity": "1.21.0",
          "Azure.Messaging.ServiceBus": "7.21.0",
          "Azure.Storage.Blobs": "12.29.2",
          "HoneyDrunk.Transport": "0.7.2",
          "Microsoft.Extensions.Azure": "1.14.1"
        }
      },
      "Microsoft.AspNetCore.OpenApi": {
        "type": "Direct",
        "requested": "[10.0.12, )",
        "resolved": "10.0.12",
        "contentHash": "7RnQ/UKn+kK3JDLmTpW+vVqNErWthGPAVAy1aIiBzv4ucQ6g9NFvOJUuT0PHcpvcJxGVxctMxj6t+NESWMrgHQ==",
        "dependencies": {
          "Microsoft.OpenApi": "[2.12.0, 3.0.0)"
        }
      },
      "Microsoft.Extensions.Diagnostics.HealthChecks.EntityFrameworkCore": {
        "type": "Direct",
        "requested": "[10.0.12, )",
        "resolved": "10.0.12",
        "contentHash": "BMG8waDSju79jJGdnOPrFrpqUv9/A+Qbg43WLmqUwMgdN26ozOK5iLXVCdaXgX71TvwEGX3HWCAGy711vGAl2Q==",
        "dependencies": {
          "Microsoft.EntityFrameworkCore.Relational": "10.0.12"
        }
      },
      "Azure.Core": {
        "type": "Transitive",
        "resolved": "1.62.0",
        "contentHash": "C0ijs91ZW2uhF/VwGLXeayb+RwTWhDxKnrsmqPWg5HkYtPQ93mzaydyMCjAzE0AG5yHc1bpaPc+NPlZUgz3w8g==",
        "dependencies": {
          "Microsoft.Bcl.AsyncInterfaces": "10.0.10",
          "Microsoft.Identity.Client": "4.84.2",
          "Microsoft.Identity.Client.Extensions.Msal": "4.84.2",
          "System.ClientModel": "1.15.0",
          "System.Memory.Data": "10.0.10"
        }
      },
      "Azure.Core.Amqp": {
        "type": "Transitive",
        "resolved": "1.3.1",
        "contentHash": "AY1ZM4WwLBb9L2WwQoWs7wS2XKYg83tp3yVVdgySdebGN0FuIszuEqCy3Nhv6qHpbkjx/NGuOTsUbF/oNGBgwA==",
        "dependencies": {
          "Microsoft.Azure.Amqp": "2.6.7",
          "System.Memory.Data": "1.0.2"
        }
      },
      "Azure.Data.AppConfiguration": {
        "type": "Transitive",
        "resolved": "1.11.0",
        "contentHash": "ClG33fUhOW18zpAOieIcbb84EfEWe0Ey6pTYjKoMezSrCYmdLbxW03FSuoAWxVTJyu1JEzuNYai08yeSQi6Xvg==",
        "dependencies": {
          "Azure.Core": "1.60.0"
        }
      },
      "Azure.Identity": {
        "type": "Transitive",
        "resolved": "1.21.0",
        "contentHash": "GeFv8sGwRKvDKwI2WFy8r0mhmlxEVZg24Sit2NogTjiSO8RVjllWM65OT6e1sKjOvG8V74y7hAbaELUUPjZQSw==",
        "dependencies": {
          "Azure.Core": "1.53.0"
        }
      },
      "Azure.Messaging.EventGrid": {
        "type": "Transitive",
        "resolved": "5.0.0",
        "contentHash": "/lc0X9Na9v8mb6cY8vRIaMuQEcerHK8msmwmc3nhkY9QX4x4R8w+sDxnHM0eXezzzmEumkfUPnDWIKCEzvsl9A==",
        "dependencies": {
          "Azure.Core": "1.46.2",
          "Azure.Messaging.EventGrid.SystemEvents": "1.0.0"
        }
      },
      "Azure.Messaging.EventGrid.SystemEvents": {
        "type": "Transitive",
        "resolved": "1.0.0",
        "contentHash": "sGAZL0Kw3ErcPPdN3+OcMM+fTCeyGtP/No0+D7PP4tCI5VqKB2DxOlu/tdF4UYuk6YXE3XAZ/yHDjmzEaqr59g==",
        "dependencies": {
          "Azure.Core": "1.46.2"
        }
      },
      "Azure.Messaging.ServiceBus": {
        "type": "Transitive",
        "resolved": "7.21.0",
        "contentHash": "ohX6LPD0ykJciyjAHrsF92vqL7GWXjRqUon2vaZ4pg0H+5TdO7S/9zWcmi5OBpcgP6oBxs/RfHvts9YaL/SAMg==",
        "dependencies": {
          "Azure.Core": "1.62.0",
          "Azure.Core.Amqp": "1.3.1",
          "Microsoft.Azure.Amqp": "2.7.0"
        }
      },
      "Azure.Security.KeyVault.Secrets": {
        "type": "Transitive",
        "resolved": "4.11.1",
        "contentHash": "/yFMJGQYPPvBSrupjJ388qqXZ1h70Yrer1vG+z+jddgovEmIE7IhShU6ZGIi24IPArY8HBH6FFtgVK369TWhmQ==",
        "dependencies": {
          "Azure.Core": "1.54.0"
        }
      },
      "Azure.Storage.Blobs": {
        "type": "Transitive",
        "resolved": "12.29.2",
        "contentHash": "NeZmk7bphspT2BYn8XaNCTV4/9vQG+ea79F85MBTi2o2WiXIIJNsRBtFyeBrzK2HIk476rfSqLNwPt4vXgOEkQ==",
        "dependencies": {
          "Azure.Core": "1.55.0",
          "Azure.Storage.Common": "12.28.0"
        }
      },
      "Azure.Storage.Common": {
        "type": "Transitive",
        "resolved": "12.28.0",
        "contentHash": "5l8YhNrks38zKLGFW2BBFLwieyamH/xauABSASsdpZv79G0f+n2n22IjkRmUqCmALSupkwRHh2LOhbW3yj5Qgw==",
        "dependencies": {
          "Azure.Core": "1.55.0",
          "System.IO.Hashing": "10.0.3"
        }
      },
      "DnsClient": {
        "type": "Transitive",
        "resolved": "1.7.0",
        "contentHash": "2hrXR83b5g6/ZMJOA36hXp4t56yb7G1mF3Hg6IkrHxvtyaoXRn2WVdgDPN3V8+GugOlUBbTWXgPaka4dXw1QIg=="
      },
      "HoneyDrunk.Audit.Abstractions": {
        "type": "Transitive",
        "resolved": "0.2.1",
        "contentHash": "hSMqhzRZ/sU7oinJMj8NTdSmZ6MryXoQoB/Ci/KryCqxOPduqwvzPHp4VbxRd0n3evM+bbOA+vx707pCvxt/xw==",
        "dependencies": {
          "HoneyDrunk.Kernel.Abstractions": "0.8.1"
        }
      },
      "HoneyDrunk.Audit.Data": {
        "type": "Transitive",
        "resolved": "0.2.1",
        "contentHash": "tnMWw0loP+Ue0b6pPuhUe5oeD2qg5YOYx15EATNtxWOqM5wBZ8GG/r4TkRtMq3TmDvbGr6G8FaBcYKx3uc//DA==",
        "dependencies": {
          "HoneyDrunk.Audit.Abstractions": "0.2.1",
          "HoneyDrunk.Data.Abstractions": "0.7.1"
        }
      },
      "HoneyDrunk.Data": {
        "type": "Transitive",
        "resolved": "0.7.1",
        "contentHash": "F3VwQBZaw2cVBs3mB56X5uDX8OlvUGbrcgIOR89D5aGv9vod9NttxnRAWODv0/tSRgZmK6lBy2Q5mytsdQy/qA==",
        "dependencies": {
          "HoneyDrunk.Data.Abstractions": "0.7.1",
          "HoneyDrunk.Kernel": "0.8.1",
          "HoneyDrunk.Kernel.Abstractions": "0.8.1",
          "HoneyDrunk.Vault.Providers.AppConfiguration": "0.8.1",
          "HoneyDrunk.Vault.Providers.AzureKeyVault": "0.8.1"
        }
      },
      "HoneyDrunk.Data.Abstractions": {
        "type": "Transitive",
        "resolved": "0.7.1",
        "contentHash": "Lr/BbUB6G5C24odkzIwVZGRjYXfhv2o/PfTEMhh9VP34LqdXB0btXFD6aip4jzUm3lSwhg6aUZd0bSZQN5ANfQ==",
        "dependencies": {
          "HoneyDrunk.Kernel.Abstractions": "0.8.1"
        }
      },
      "HoneyDrunk.Data.EntityFramework": {
        "type": "Transitive",
        "resolved": "0.7.1",
        "contentHash": "7Y8tn6XOX3sP5Jd3HPLvXpHGScB6TbsIewB0BuE3L9tnJFAUmZovau+s4sZgR4VKuXcelz9DhoNqpoHLHZcYCQ==",
        "dependencies": {
          "HoneyDrunk.Data": "0.7.1",
          "HoneyDrunk.Data.Abstractions": "0.7.1",
          "Microsoft.EntityFrameworkCore": "10.0.12",
          "Microsoft.EntityFrameworkCore.Relational": "10.0.12"
        }
      },
      "HoneyDrunk.Data.Outbox": {
        "type": "Transitive",
        "resolved": "0.7.1",
        "contentHash": "M4orbcSmJcwV7pUFNsXjhu17iTPGHbcDENxrPLwe+lMP/9FDcc9dMhg85e31LI6pCC9c6fm4kiic7sr4CugxZg==",
        "dependencies": {
          "HoneyDrunk.Data.Outbox.Abstractions": "0.7.1",
          "HoneyDrunk.Kernel.Abstractions": "0.8.1",
          "Microsoft.EntityFrameworkCore": "10.0.12",
          "Microsoft.EntityFrameworkCore.Relational": "10.0.12"
        }
      },
      "HoneyDrunk.Data.Outbox.Abstractions": {
        "type": "Transitive",
        "resolved": "0.7.1",
        "contentHash": "EPRz3F4sa16l/OOeJAUznJHkGfsdj6peM6VeBfmZW0JikTAM6iyahkZ2NubYxjIlEUq+d+O0x6mb9G31WlrhTw=="
      },
      "HoneyDrunk.Identity.Abstractions": {
        "type": "Transitive",
        "resolved": "0.1.0-alpha.4",
        "contentHash": "gUv4Reb3RtZjq3LJNPUdS1SvCN4Jz0slE328RArv+IRJaGNsRQ++XexWLT9sjqO3Z03piXCs9bhu0mYUC09sBA=="
      },
      "HoneyDrunk.Kernel": {
        "type": "Transitive",
        "resolved": "0.8.1",
        "contentHash": "W4pXf/GOWqIhNhymkv4Uqj+URmp05nSHTXRKip/rkfQ2x5PCxU2VaqWycBX7dJabiwoOedHwQ2F4dNTw2t38Xw==",
        "dependencies": {
          "HoneyDrunk.Kernel.Abstractions": "0.8.1",
          "Ulid": "1.4.1"
        }
      },
      "HoneyDrunk.Kernel.Abstractions": {
        "type": "Transitive",
        "resolved": "0.8.1",
        "contentHash": "Txv8A6sVxaCQOHzkbzSqxaCeHpQOULDxPUbf4snPkf09X05THbd4iHA2yW/R+l7Up4EoxzFv2ySFvNLXFzHH6g==",
        "dependencies": {
          "Ulid": "1.4.1"
        }
      },
      "HoneyDrunk.Telemetry.Abstractions": {
        "type": "Transitive",
        "resolved": "0.4.1",
        "contentHash": "feNymxxFx3ml0KjQnq5yQ7cwOa3ih1Qgbi7ZQJ2dlJcosIG55pwuyHvpIIQDMHu30KTvBZ/xJ4zJcEliMj0e6Q==",
        "dependencies": {
          "HoneyDrunk.Kernel.Abstractions": "0.8.1"
        }
      },
      "HoneyDrunk.Telemetry.OpenTelemetry": {
        "type": "Transitive",
        "resolved": "0.4.1",
        "contentHash": "us1V87prso0PRHDCb1cOoaPvJfMUu+1WbhvmynVAz6WVhZGxSMz9DYx0Eh2o0O8tsgFXcI24Hc20Jub07OHonQ==",
        "dependencies": {
          "HoneyDrunk.Kernel.Abstractions": "0.8.1",
          "HoneyDrunk.Telemetry.Abstractions": "0.4.1",
          "OpenTelemetry": "1.19.1",
          "OpenTelemetry.Exporter.OpenTelemetryProtocol": "1.19.1",
          "OpenTelemetry.Extensions.Hosting": "1.19.1",
          "OpenTelemetry.Instrumentation.AspNetCore": "1.19.0",
          "OpenTelemetry.Instrumentation.Http": "1.19.0",
          "OpenTelemetry.Instrumentation.Process": "1.14.0-beta.2",
          "OpenTelemetry.Instrumentation.Runtime": "1.19.0"
        }
      },
      "HoneyDrunk.Transport": {
        "type": "Transitive",
        "resolved": "0.7.2",
        "contentHash": "fS3JANzhp6TisQ3YHE7NhL/OautKLuEkyKt1v1fT7gUqr3Wx9qqAqDASUpTVZMtPVgXMTclVNxpWI04HO/uiUg==",
        "dependencies": {
          "HoneyDrunk.Kernel.Abstractions": "0.8.1"
        }
      },
      "HoneyDrunk.Vault": {
        "type": "Transitive",
        "resolved": "0.8.1",
        "contentHash": "bbFHU+5oeCB80VKVx2wPVXX0WWgZcbzY5cpENpWJypkGs4ENGbzRA562YNTKqGjAZAwpaU0S0/jPlUEv99pelw==",
        "dependencies": {
          "HoneyDrunk.Kernel": "0.8.1",
          "HoneyDrunk.Kernel.Abstractions": "0.8.1",
          "Microsoft.Extensions.Resilience": "10.10.0"
        }
      },
      "HoneyDrunk.Vault.Providers.AppConfiguration": {
        "type": "Transitive",
        "resolved": "0.8.1",
        "contentHash": "bF/Vs6ENodvSY+4cLtWVEzKWIOYp8iCruS2+hCR7iBm00c9ci+UaGlh9CAY9v6kLttzA74calvVcOUxYzyLDew==",
        "dependencies": {
          "Azure.Identity": "1.21.0",
          "HoneyDrunk.Vault": "0.8.1",
          "Microsoft.Azure.AppConfiguration.AspNetCore": "8.6.0",
          "Microsoft.Extensions.Configuration.AzureAppConfiguration": "8.6.0",
          "Microsoft.FeatureManagement.AspNetCore": "4.8.0"
        }
      },
      "HoneyDrunk.Vault.Providers.AzureKeyVault": {
        "type": "Transitive",
        "resolved": "0.8.1",
        "contentHash": "UbOtTNftkPOkmbN1CVOvaS1ggg20KNZTpqgTxRw8NxusetFKV2viVTmnKTEA3QaPaL9TCbq4iRPm+l2zj/1oOg==",
        "dependencies": {
          "Azure.Identity": "1.21.0",
          "Azure.Security.KeyVault.Secrets": "4.11.1",
          "HoneyDrunk.Vault": "0.8.1",
          "HoneyDrunk.Vault.Providers.File": "0.8.1"
        }
      },
      "HoneyDrunk.Vault.Providers.File": {
        "type": "Transitive",
        "resolved": "0.8.1",
        "contentHash": "67REb6fAuv3ai+TT1KCu7y3i1y6/QTWYFkNh1LmvAhLx2TNeuzlbQFwum1WB34NNk6A2KVcV0d3qPsHrTsLlWw==",
        "dependencies": {
          "HoneyDrunk.Vault": "0.8.1"
        }
      },
      "Microsoft.Azure.Amqp": {
        "type": "Transitive",
        "resolved": "2.7.0",
        "contentHash": "gm/AEakujttMzrDhZ5QpRz3fICVkYDn/oDG9SmxDP+J7R8JDBXYU9WWG7hr6wQy40mY+wjUF0yUGXDPRDRNJwQ=="
      },
      "Microsoft.Azure.AppConfiguration.AspNetCore": {
        "type": "Transitive",
        "resolved": "8.6.0",
        "contentHash": "ugmFjdFL4NcRkvpDGNzI349X56+rbt2Q05ejT8ofLavppilItiuJHVrynn22s+bg4ozWal3L9R7MOeyXPT6Ncg==",
        "dependencies": {
          "Microsoft.Extensions.Configuration.AzureAppConfiguration": "8.6.0"
        }
      },
      "Microsoft.Bcl.AsyncInterfaces": {
        "type": "Transitive",
        "resolved": "10.0.10",
        "contentHash": "TFI6OKYE1XZz4SGuTSH70c6SBdPpFktXsoa1gCxTr3mKrhmXirnvaS0tKz+J3ZWICEAmMpEGn59nO4ICtUpQXA=="
      },
      "Microsoft.Bcl.HashCode": {
        "type": "Transitive",
        "resolved": "6.0.0",
        "contentHash": "GI4jcoi6eC9ZhNOQylIBaWOQjyGaR8T6N3tC1u8p3EXfndLCVNNWa+Zp+ocjvvS3kNBN09Zma2HXL0ezO0dRfw=="
      },
      "Microsoft.Data.SqlClient": {
        "type": "Transitive",
        "resolved": "6.1.6",
        "contentHash": "6abRPXrjjEWxcNkTomBIzBdGolYnwD0ykP+6YAynaEEfKlGe94ZSQd58pggucusp28xUA7wLo9XcvzU92ZuF6Q==",
        "dependencies": {
          "Azure.Core": "1.50.0",
          "Azure.Identity": "1.17.1",
          "Microsoft.Data.SqlClient.SNI.runtime": "6.0.2",
          "Microsoft.Identity.Client": "4.84.2",
          "Microsoft.Identity.Client.Broker": "4.84.2",
          "Microsoft.IdentityModel.JsonWebTokens": "7.7.1",
          "Microsoft.IdentityModel.Protocols.OpenIdConnect": "7.7.1",
          "Microsoft.SqlServer.Server": "1.0.0",
          "System.Configuration.ConfigurationManager": "9.0.11",
          "System.IdentityModel.Tokens.Jwt": "7.7.1",
          "System.Security.Cryptography.Pkcs": "9.0.11"
        }
      },
      "Microsoft.Data.SqlClient.SNI.runtime": {
        "type": "Transitive",
        "resolved": "6.0.2",
        "contentHash": "f+pRODTWX7Y67jXO3T5S2dIPZ9qMJNySjlZT/TKmWVNWe19N8jcWmHaqHnnchaq3gxEKv1SWVY5EFzOD06l41w=="
      },
      "Microsoft.EntityFrameworkCore": {
        "type": "Transitive",
        "resolved": "10.0.12",
        "contentHash": "e7OrVN8U5yr4kuwdTHWBHGVQIVsGfMkAr0Ej1/BnrS989Q0XBVANpIzNZ2bc1GvMZ0/XwMt5InTnmKskxGy99Q==",
        "dependencies": {
          "Microsoft.EntityFrameworkCore.Abstractions": "10.0.12",
          "Microsoft.EntityFrameworkCore.Analyzers": "10.0.12"
        }
      },
      "Microsoft.EntityFrameworkCore.Abstractions": {
        "type": "Transitive",
        "resolved": "10.0.12",
        "contentHash": "kDrux7T6C3V/YYYe2LXr7x6AEsVyq5Y2YoTE9er1SwbDtap3z1g8RgxNh5eKQVyB4T+DKvBBJ4Ezd/VZzJQJZg=="
      },
      "Microsoft.EntityFrameworkCore.Analyzers": {
        "type": "Transitive",
        "resolved": "10.0.12",
        "contentHash": "Kd4o2oO1A6dfKxjz5LS16QyLtpCFTUiFWwmBABETAXRsSImBdRdWeKjSgbbRhAMiV3a3/nWr95ZtzClT4uaADQ=="
      },
      "Microsoft.EntityFrameworkCore.Relational": {
        "type": "Transitive",
        "resolved": "10.0.12",
        "contentHash": "OiHmr8XzX96dbgMsYGe8qoqg4KxibdZG2r0QUVJBGktFInOp8IrABe8jvcbo5hrqeWfbwpK7fCEBiEPbY/ik4A==",
        "dependencies": {
          "Microsoft.EntityFrameworkCore": "10.0.12"
        }
      },
      "Microsoft.EntityFrameworkCore.SqlServer": {
        "type": "Transitive",
        "resolved": "10.0.12",
        "contentHash": "Wt/JUrctpOPfv3DNcZ6oKeg+FouanIXnrLfB8WN8DdMoqS/bxi9yPrwTKIEFB32qcKTUb5i9AVTCdbQBUid6ZQ==",
        "dependencies": {
          "Microsoft.Data.SqlClient": "6.1.6",
          "Microsoft.EntityFrameworkCore.Relational": "10.0.12"
        }
      },
      "Microsoft.Extensions.Azure": {
        "type": "Transitive",
        "resolved": "1.14.1",
        "contentHash": "und84BbwPu9u9GCOZ5WcqXctk+cqbY8vyXGKKU8a6VbZ5rFV19v7DA3EzDUkl0kb4TWtMEYqgMOPgMcsvBYq0Q==",
        "dependencies": {
          "Azure.Core": "1.61.0"
        }
      },
      "Microsoft.Extensions.Compliance.Abstractions": {
        "type": "Transitive",
        "resolved": "10.10.0",
        "contentHash": "Sh3ujDRJpCMNY4x+43ljCROt4qBOoWfsL8l816RPYZS1S+Tw277r5002rbB15Sh6hFcCT8mGYBO7NtpfSYrQ0Q=="
      },
      "Microsoft.Extensions.Configuration.AzureAppConfiguration": {
        "type": "Transitive",
        "resolved": "8.6.0",
        "contentHash": "jdep6SPC16joz8Gau7BZ+EXtcqFG/b9cjhQ6OAIOAENTUaa0tFXkfTbtqax8cdfpuvnnIic1ga+wmR5YpbP/4g==",
        "dependencies": {
          "Azure.Data.AppConfiguration": "1.11.0",
          "Azure.Messaging.EventGrid": "5.0.0",
          "Azure.Security.KeyVault.Secrets": "4.8.0",
          "DnsClient": "1.7.0",
          "Microsoft.Bcl.HashCode": "6.0.0",
          "Microsoft.Extensions.Azure": "1.12.0"
        }
      },
      "Microsoft.Extensions.Diagnostics.ExceptionSummarization": {
        "type": "Transitive",
        "resolved": "10.10.0",
        "contentHash": "/6C1XjuRYRXst3QUoFnQdL0Q2ZihDlxr8PQ4jei8MyjVRZEGFg+le6N90d/CdpdgIbDz/h8JIKY1psACYDhPRQ=="
      },
      "Microsoft.Extensions.Resilience": {
        "type": "Transitive",
        "resolved": "10.10.0",
        "contentHash": "aYIiuCSqsIqpaqya2JchArkaWibMhiXTNj4+wkjv0s7A/Uy1dvc4MsCPTOtvOU3ffz0+vYRHi7GHcXqynZfdbQ==",
        "dependencies": {
          "Microsoft.Extensions.Diagnostics.ExceptionSummarization": "10.10.0",
          "Microsoft.Extensions.Telemetry.Abstractions": "10.10.0",
          "Polly.Extensions": "8.4.2",
          "Polly.RateLimiting": "8.4.2"
        }
      },
      "Microsoft.Extensions.Telemetry.Abstractions": {
        "type": "Transitive",
        "resolved": "10.10.0",
        "contentHash": "I76SAZ95I5lYh4whVZvLpKhpvHI1o21FfGqiASU85GtIVA4ULv+TVIE5+swKhnC63+xI4XjCcIWa9LbyR3pFNw==",
        "dependencies": {
          "Microsoft.Extensions.Compliance.Abstractions": "10.10.0"
        }
      },
      "Microsoft.FeatureManagement": {
        "type": "Transitive",
        "resolved": "4.8.0",
        "contentHash": "p1dzpXano+DTet2/hQGb+J91QonETabPYmO5BdqpsWOPq2C3WsWbm1BICTNlWqL81EVGrRrjpQh9mRNX55ZKmQ=="
      },
      "Microsoft.FeatureManagement.AspNetCore": {
        "type": "Transitive",
        "resolved": "4.8.0",
        "contentHash": "LBKVCjgNvJYtIiKb1IoXyuyzpZPmfVxnlDB0ByZ774EB1hNQLQlMQ9juZpJ3fRgEYodYs7aa7WKVvWshHx1CbQ==",
        "dependencies": {
          "Microsoft.FeatureManagement": "4.8.0"
        }
      },
      "Microsoft.Identity.Client": {
        "type": "Transitive",
        "resolved": "4.84.2",
        "contentHash": "Va9FjmABSgj/lcUfHH0pBNQkmS7SNyepz2ERV7Yynp6QgEYpFdSqR6Vzy1WWipN8GS5pBHuXoZbqaDWuARCrHQ==",
        "dependencies": {
          "Microsoft.IdentityModel.Abstractions": "8.14.0"
        }
      },
      "Microsoft.Identity.Client.Broker": {
        "type": "Transitive",
        "resolved": "4.84.2",
        "contentHash": "928ySLeGz1xtvydwq6h9tv7TbxrtA4ZzavLKUqRJh0PW6BGcEJwpI8W8vf2PlQdYemGm/oyGjdzYzdY/I8r/4A==",
        "dependencies": {
          "Microsoft.Identity.Client": "4.84.2",
          "Microsoft.Identity.Client.NativeInterop": "0.20.6"
        }
      },
      "Microsoft.Identity.Client.Extensions.Msal": {
        "type": "Transitive",
        "resolved": "4.84.2",
        "contentHash": "+D98LaU3dOu/Nzs6kgbBJapMvH7iwYcAeC99XwSkpmEadsPv6rozecOl9P6m4A3RfpOuPt9e6J6TwwUUp3+M4w==",
        "dependencies": {
          "Microsoft.Identity.Client": "4.84.2",
          "System.Security.Cryptography.ProtectedData": "4.5.0"
        }
      },
      "Microsoft.Identity.Client.NativeInterop": {
        "type": "Transitive",
        "resolved": "0.20.6",
        "contentHash": "noyfdMfVxyWpM6xUDmlW6gUvZ5ci24z7Qoy15JvynTQfZV5vTD2NEdsnT5Gy4ngViwgdIp5iRjRy10jAKXFAgw=="
      },
      "Microsoft.IdentityModel.Abstractions": {
        "type": "Transitive",
        "resolved": "8.14.0",
        "contentHash": "iwbCpSjD3ehfTwBhtSNEtKPK0ICun6ov7Ibx6ISNA9bfwIyzI2Siwyi9eJFCJBwxowK9xcA1mj+jBWiigeqgcQ=="
      },
      "Microsoft.IdentityModel.JsonWebTokens": {
        "type": "Transitive",
        "resolved": "7.7.1",
        "contentHash": "3Izi75UCUssvo8LPx3OVnEeZay58qaFicrtSnbtUt7q8qQi0gy46gh4V8VUTkMVMKXV6VMyjBVmeNNgeCUJuIw==",
        "dependencies": {
          "Microsoft.IdentityModel.Tokens": "7.7.1"
        }
      },
      "Microsoft.IdentityModel.Logging": {
        "type": "Transitive",
        "resolved": "7.7.1",
        "contentHash": "BZNgSq/o8gsKExdYoBKPR65fdsxW0cTF8PsdqB8y011AGUJJW300S/ZIsEUD0+sOmGc003Gwv3FYbjrVjvsLNQ==",
        "dependencies": {
          "Microsoft.IdentityModel.Abstractions": "7.7.1"
        }
      },
      "Microsoft.IdentityModel.Protocols": {
        "type": "Transitive",
        "resolved": "7.7.1",
        "contentHash": "h+fHHBGokepmCX+QZXJk4Ij8OApCb2n2ktoDkNX5CXteXsOxTHMNgjPGpAwdJMFvAL7TtGarUnk3o97NmBq2QQ==",
        "dependencies": {
          "Microsoft.IdentityModel.Tokens": "7.7.1"
        }
      },
      "Microsoft.IdentityModel.Protocols.OpenIdConnect": {
        "type": "Transitive",
        "resolved": "7.7.1",
        "contentHash": "yT2Hdj8LpPbcT9C9KlLVxXl09C8zjFaVSaApdOwuecMuoV4s6Sof/mnTDz/+F/lILPIBvrWugR9CC7iRVZgbfQ==",
        "dependencies": {
          "Microsoft.IdentityModel.Protocols": "7.7.1",
          "System.IdentityModel.Tokens.Jwt": "7.7.1"
        }
      },
      "Microsoft.IdentityModel.Tokens": {
        "type": "Transitive",
        "resolved": "7.7.1",
        "contentHash": "fQ0VVCba75lknUHGldi3iTKAYUQqbzp1Un8+d9cm9nON0Gs8NAkXddNg8iaUB0qi/ybtAmNWizTR4avdkCJ9pQ==",
        "dependencies": {
          "Microsoft.IdentityModel.Logging": "7.7.1"
        }
      },
      "Microsoft.OpenApi": {
        "type": "Transitive",
        "resolved": "2.12.0",
        "contentHash": "0xB/be+f6qYOhvQPUrVsLrau+fkowYv6gt9RIkajMhwT7sZnqtcA797yW3bS5kgSje+AQW4xZgyLnW641YFioQ=="
      },
      "Microsoft.SqlServer.Server": {
        "type": "Transitive",
        "resolved": "1.0.0",
        "contentHash": "N4KeF3cpcm1PUHym1RmakkzfkEv3GRMyofVv40uXsQhCQeglr2OHNcUk2WOG51AKpGO8ynGpo9M/kFXSzghwug=="
      },
      "NodaTime": {
        "type": "Transitive",
        "resolved": "3.3.4",
        "contentHash": "iLaEeOFjWHVibXmHa8WOMTkZdxvzTH6b7qNYts7cBmSfttCDenguHvEJsuAQGBDPV4LSA+7c0nyt4A0AR6z6zQ=="
      },
      "OpenTelemetry": {
        "type": "Transitive",
        "resolved": "1.19.1",
        "contentHash": "6ywhc3upf+dq8EsOohj7I7zS3l4yX9vfbtFkvyEC8xIUY4Z9iDIOVuke356eCAzIZaWtmwmmyl2UXYCp5n7I3Q==",
        "dependencies": {
          "OpenTelemetry.Api.ProviderBuilderExtensions": "1.19.1"
        }
      },
      "OpenTelemetry.Api": {
        "type": "Transitive",
        "resolved": "1.19.1",
        "contentHash": "9JKIH+xrV0HNTFjQC8zrx9gZpDOMEljN5Htg/U0VE2IvO3N+7bKALCCsGy5tp09marX5dd8UkrgQFoLaulIBRw=="
      },
      "OpenTelemetry.Api.ProviderBuilderExtensions": {
        "type": "Transitive",
        "resolved": "1.19.1",
        "contentHash": "HtGe72B/IhzKqdU0a3fNE5osax/Cegwxd+p4u6lOFy20nsgmeaFuP2NRyFs1WvrOv/bpkII3IvvBkKoZXG8BLg==",
        "dependencies": {
          "OpenTelemetry.Api": "1.19.1"
        }
      },
      "OpenTelemetry.Exporter.OpenTelemetryProtocol": {
        "type": "Transitive",
        "resolved": "1.19.1",
        "contentHash": "vsYYOBf/KxNubnuoja8pjJ9LG0zCC9HAYPay+R6N5ZKZMbhNdKWbaq6JZqJqTvK+55rudiqErJySekf9ql8okA==",
        "dependencies": {
          "OpenTelemetry": "1.19.1"
        }
      },
      "OpenTelemetry.Extensions.Hosting": {
        "type": "Transitive",
        "resolved": "1.19.1",
        "contentHash": "3qqZfVmW8mKA2/fRwI83o8z+yZd33KbEqRlXrlX0+3e/U7i+z0MQiCr0L3Axxa0jGdiylIrpWX4DIT9nAbJ00A==",
        "dependencies": {
          "OpenTelemetry": "1.19.1"
        }
      },
      "OpenTelemetry.Instrumentation.AspNetCore": {
        "type": "Transitive",
        "resolved": "1.19.0",
        "contentHash": "reypo7g0Nzyssg1EkbfWU6W58CVFgtgkSEGrFXtbpA+bNit7HUs7587DOkOdPCgqWr3IL4f6X9B2yhnU6POrFA==",
        "dependencies": {
          "OpenTelemetry.Api.ProviderBuilderExtensions": "[1.19.0, 2.0.0)"
        }
      },
      "OpenTelemetry.Instrumentation.Http": {
        "type": "Transitive",
        "resolved": "1.19.0",
        "contentHash": "+egJpWBRfYP3ldfexV2bmJyzOWkkOPVYikw/vUEtbUvf2exJfY3RGInXrYlubhBIH6rmNEn6sI/FmqenZJwkjw==",
        "dependencies": {
          "OpenTelemetry.Api.ProviderBuilderExtensions": "[1.19.0, 2.0.0)"
        }
      },
      "OpenTelemetry.Instrumentation.Process": {
        "type": "Transitive",
        "resolved": "1.14.0-beta.2",
        "contentHash": "a3wmmz3Vrby0BIiHxIJifTQqtKREoWKg4yd+tFgi2aiTJ5oq2uYRRL70EuMYCGQHhGFeT2YSN+jonD1U81XoSA==",
        "dependencies": {
          "OpenTelemetry.Api": "[1.14.0, 2.0.0)"
        }
      },
      "OpenTelemetry.Instrumentation.Runtime": {
        "type": "Transitive",
        "resolved": "1.19.0",
        "contentHash": "VIH2tQ2h31j4wQyZ9Utk8ZXIyj7Z1j0xIiyPRGjYu1MmZjJtpxRh0Y/NnB6fEBimNg/WrX0jDyfMeEjPQqmaMA==",
        "dependencies": {
          "OpenTelemetry.Api": "[1.19.0, 2.0.0)"
        }
      },
      "Polly.Core": {
        "type": "Transitive",
        "resolved": "8.4.2",
        "contentHash": "BpE2I6HBYYA5tF0Vn4eoQOGYTYIK1BlF5EXVgkWGn3mqUUjbXAr13J6fZVbp7Q3epRR8yshacBMlsHMhpOiV3g=="
      },
      "Polly.Extensions": {
        "type": "Transitive",
        "resolved": "8.4.2",
        "contentHash": "GZ9vRVmR0jV2JtZavt+pGUsQ1O1cuRKG7R7VOZI6ZDy9y6RNPvRvXK1tuS4ffUrv8L0FTea59oEuQzgS0R7zSA==",
        "dependencies": {
          "Polly.Core": "8.4.2"
        }
      },
      "Polly.RateLimiting": {
        "type": "Transitive",
        "resolved": "8.4.2",
        "contentHash": "ehTImQ/eUyO07VYW2WvwSmU9rRH200SKJ/3jku9rOkyWE0A2JxNFmAVms8dSn49QLSjmjFRRSgfNyOgr/2PSmA==",
        "dependencies": {
          "Polly.Core": "8.4.2"
        }
      },
      "System.ClientModel": {
        "type": "Transitive",
        "resolved": "1.15.0",
        "contentHash": "y6zQLInrpX+oGL1gXM04DrUSu1O1esWxt4rD/zrujTnzIFChn/noD1OiVVpTrU8ZvglwqO2Uw038svUR3SiAOg==",
        "dependencies": {
          "System.Memory.Data": "10.0.9"
        }
      },
      "System.Configuration.ConfigurationManager": {
        "type": "Transitive",
        "resolved": "9.0.11",
        "contentHash": "vPinosRgEk1CGjohbv0pDuz6gPprkWo5xvBTjOJjks5JOgOEWvPndq5NngGxiTcBcy1+k9GwzZ1c3Bp2fU5ezw==",
        "dependencies": {
          "System.Security.Cryptography.ProtectedData": "9.0.11"
        }
      },
      "System.IdentityModel.Tokens.Jwt": {
        "type": "Transitive",
        "resolved": "7.7.1",
        "contentHash": "rQkO1YbAjLwnDJSMpRhRtrc6XwIcEOcUvoEcge+evurpzSZM3UNK+MZfD3sKyTlYsvknZ6eJjSBfnmXqwOsT9Q==",
        "dependencies": {
          "Microsoft.IdentityModel.JsonWebTokens": "7.7.1",
          "Microsoft.IdentityModel.Tokens": "7.7.1"
        }
      },
      "System.IO.Hashing": {
        "type": "Transitive",
        "resolved": "10.0.3",
        "contentHash": "La6ICwsdTKhVX+LKN+pvFjQRR3LhLwq3uKdi2knjLzRyPYBSydF4cjXidYxIiTcDD6XVYdsBWQEI8ZxiZ/OdIg=="
      },
      "System.Memory.Data": {
        "type": "Transitive",
        "resolved": "10.0.10",
        "contentHash": "roR+5AeOpflUxJQlqSfsZs/Bvi1uw4KBuTkIgF1e8l0RdalG4AUn84+sjJLclEfOV85gAjc8+Pp540qjDE5UIg=="
      },
      "System.Security.Cryptography.Pkcs": {
        "type": "Transitive",
        "resolved": "9.0.11",
        "contentHash": "YS2YqtN6fFjlTDIQI+ucjbbrEvwMn796r+VLTQRr/5Oy6g+i+m7nIou83KnJCnAcKna2I+5eVJRks6SoHSpetQ=="
      },
      "System.Security.Cryptography.ProtectedData": {
        "type": "Transitive",
        "resolved": "9.0.11",
        "contentHash": "s8yUYuYYu+PAwvBdhLG1KyrGrk9gkYeuPxfAsXsTqqWyepwSyEw8hAaflW4nO98NG52YpYI1am2+9o+79h2RtQ=="
      },
      "Ulid": {
        "type": "Transitive",
        "resolved": "1.4.1",
        "contentHash": "V6crLJ8a29raWeNwxYGfH9RTKA3H0nR0D9LAGzN3KtEsbiiaWkUjDor6OT5Oz7pxCK+NaY2hu2FLoYEOa8oCkA=="
      },
      "pocketquests.application": {
        "type": "Project",
        "dependencies": {
          "PocketQuests.Domain": "[1.0.0, )"
        }
      },
      "pocketquests.data": {
        "type": "Project",
        "dependencies": {
          "HoneyDrunk.Audit.Data": "[0.2.1, )",
          "HoneyDrunk.Data.EntityFramework": "[0.7.1, )",
          "HoneyDrunk.Data.Outbox": "[0.7.1, )",
          "Microsoft.EntityFrameworkCore.SqlServer": "[10.0.12, )"
        }
      },
      "pocketquests.domain": {
        "type": "Project",
        "dependencies": {
          "HoneyDrunk.Identity.Abstractions": "[0.1.0-alpha.4, 0.1.0-alpha.4]",
          "NodaTime": "[3.3.4, )",
          "PocketQuests.Data": "[1.0.0, )"
        }
      },
      "pocketquests.servicedefaults": {
        "type": "Project",
        "dependencies": {
          "HoneyDrunk.Kernel": "[0.8.1, )",
          "HoneyDrunk.Telemetry.OpenTelemetry": "[0.4.1, )",
          "OpenTelemetry.Exporter.OpenTelemetryProtocol": "[1.19.1, )",
          "OpenTelemetry.Extensions.Hosting": "[1.19.1, )",
          "OpenTelemetry.Instrumentation.AspNetCore": "[1.19.0, )",
          "OpenTelemetry.Instrumentation.Http": "[1.19.0, )",
          "OpenTelemetry.Instrumentation.Runtime": "[1.19.0, )"
        }
      }
    }
  }
}